
Microsoft Visual Studio Solution File, Format Version 12.00
# Visual Studio Version 17
VisualStudioVersion = 17.3.32922.545
MinimumVisualStudioVersion = 10.0.40219.1
Project("{FAE04EC0-301F-11D3-BF4B-00C04F79EFBC}") = "Assignment1_N01481887", "Assignment1_N01481887\Assignment1_N01481887.csproj", "{5F2066F0-170C-44BD-B3A1-E5054913049E}"
EndProject
Global
	GlobalSection(SolutionConfigurationPlatforms) = preSolution
		Debug|Any CPU = Debug|Any CPU
		Release|Any CPU = Release|Any CPU
	EndGlobalSection
	GlobalSection(ProjectConfigurationPlatforms) = postSolution
		{5F2066F0-170C-44BD-B3A1-E5054913049E}.Debug|Any CPU.ActiveCfg = Debug|Any CPU
		{5F2066F0-170C-44BD-B3A1-E5054913049E}.Debug|Any CPU.Build.0 = Debug|Any CPU
		{5F2066F0-170C-44BD-B3A1-E5054913049E}.Release|Any CPU.ActiveCfg = Release|Any CPU
		{5F2066F0-170C-44BD-B3A1-E5054913049E}.Release|Any CPU.Build.0 = Release|Any CPU
	EndGlobalSection
	GlobalSection(SolutionProperties) = preSolution
		HideSolutionNode = FALSE
	EndGlobalSection
	GlobalSection(ExtensibilityGlobals) = postSolution
		SolutionGuid = {D7778A09-1B01-48C2-BE37-65B33B496655}
	EndGlobalSection
EndGlobal
